{
  "name": "ynw-cli",
  "version": "1.0.11",
  "lockfileVersion": 1,
  "requires": true,
  "dependencies": {
    "colors": {
      "version": "1.3.2",
      "resolved": "http://registry.npm.taobao.org/colors/download/colors-1.3.2.tgz"
    },
    "download-git-repo": {
      "version": "1.1.0",
      "resolved": "http://registry.npm.taobao.org/download-git-repo/download/download-git-repo-1.1.0.tgz",
      "requires": {
        "download": "^5.0.3",
        "git-clone": "^0.1.0",
        "rimraf": "^2.6.1"
      },
      "dependencies": {
        "download": {
          "version": "5.0.3",
          "bundled": true,
          "requires": {
            "caw": "^2.0.0",
            "decompress": "^4.0.0",
            "filenamify": "^2.0.0",
            "get-stream": "^3.0.0",
            "got": "^6.3.0",
            "mkdirp": "^0.5.1",
            "pify": "^2.3.0"
          },
          "dependencies": {
            "caw": {
              "version": "2.0.1",
              "bundled": true,
              "requires": {
                "get-proxy": "^2.0.0",
                "isurl": "^1.0.0-alpha5",
                "tunnel-agent": "^0.6.0",
                "url-to-options": "^1.0.1"
              },
              "dependencies": {
                "get-proxy": {
                  "version": "2.1.0",
                  "bundled": true,
                  "requires": {
                    "npm-conf": "^1.1.0"
                  },
                  "dependencies": {
                    "npm-conf": {
                      "version": "1.1.3",
                      "bundled": true,
                      "requires": {
                        "config-chain": "^1.1.11",
                        "pify": "^3.0.0"
                      },
                      "dependencies": {
                        "config-chain": {
                          "version": "1.1.12",
                          "bundled": true,
                          "requires": {
                            "ini": "^1.3.4",
                            "proto-list": "~1.2.1"
                          },
                          "dependencies": {
                            "ini": {
                              "version": "1.3.5",
                              "bundled": true
                            },
                            "proto-list": {
                              "version": "1.2.4",
                              "bundled": true
                            }
                          }
                        },
                        "pify": {
                          "version": "3.0.0",
                          "bundled": true
                        }
                      }
                    }
                  }
                },
                "isurl": {
                  "version": "1.0.0",
                  "bundled": true,
                  "requires": {
                    "has-to-string-tag-x": "^1.2.0",
                    "is-object": "^1.0.1"
                  },
                  "dependencies": {
                    "has-to-string-tag-x": {
                      "version": "1.4.1",
                      "bundled": true,
                      "requires": {
                        "has-symbol-support-x": "^1.4.1"
                      },
                      "dependencies": {
                        "has-symbol-support-x": {
                          "version": "1.4.2",
                          "bundled": true
                        }
                      }
                    },
                    "is-object": {
                      "version": "1.0.1",
                      "bundled": true
                    }
                  }
                },
                "tunnel-agent": {
                  "version": "0.6.0",
                  "bundled": true,
                  "requires": {
                    "safe-buffer": "^5.0.1"
                  },
                  "dependencies": {
                    "safe-buffer": {
                      "version": "5.1.2",
                      "bundled": true
                    }
                  }
                },
                "url-to-options": {
                  "version": "1.0.1",
                  "bundled": true
                }
              }
            },
            "decompress": {
              "version": "4.2.0",
              "bundled": true,
              "requires": {
                "decompress-tar": "^4.0.0",
                "decompress-tarbz2": "^4.0.0",
                "decompress-targz": "^4.0.0",
                "decompress-unzip": "^4.0.1",
                "graceful-fs": "^4.1.10",
                "make-dir": "^1.0.0",
                "pify": "^2.3.0",
                "strip-dirs": "^2.0.0"
              },
              "dependencies": {
                "decompress-tar": {
                  "version": "4.1.1",
                  "bundled": true,
                  "requires": {
                    "file-type": "^5.2.0",
                    "is-stream": "^1.1.0",
                    "tar-stream": "^1.5.2"
                  },
                  "dependencies": {
                    "file-type": {
                      "version": "5.2.0",
                      "bundled": true
                    },
                    "is-stream": {
                      "version": "1.1.0",
                      "bundled": true
                    },
                    "tar-stream": {
                      "version": "1.6.2",
                      "bundled": true,
                      "requires": {
                        "bl": "^1.0.0",
                        "buffer-alloc": "^1.2.0",
                        "end-of-stream": "^1.0.0",
                        "fs-constants": "^1.0.0",
                        "readable-stream": "^2.3.0",
                        "to-buffer": "^1.1.1",
                        "xtend": "^4.0.0"
                      },
                      "dependencies": {
                        "bl": {
                          "version": "1.2.2",
                          "bundled": true,
                          "requires": {
                            "readable-stream": "^2.3.5",
                            "safe-buffer": "^5.1.1"
                          },
                          "dependencies": {
                            "readable-stream": {
                              "version": "2.3.6",
                              "bundled": true,
                              "requires": {
                                "core-util-is": "~1.0.0",
                                "inherits": "~2.0.3",
                                "isarray": "~1.0.0",
                                "process-nextick-args": "~2.0.0",
                                "safe-buffer": "~5.1.1",
                                "string_decoder": "~1.1.1",
                                "util-deprecate": "~1.0.1"
                              },
                              "dependencies": {
                                "core-util-is": {
                                  "version": "1.0.2",
                                  "bundled": true
                                },
                                "inherits": {
                                  "version": "2.0.3",
                                  "bundled": true
                                },
                                "isarray": {
                                  "version": "1.0.0",
                                  "bundled": true
                                },
                                "process-nextick-args": {
                                  "version": "2.0.0",
                                  "bundled": true
                                },
                                "safe-buffer": {
                                  "version": "5.1.2",
                                  "bundled": true
                                },
                                "string_decoder": {
                                  "version": "1.1.1",
                                  "bundled": true,
                                  "requires": {
                                    "safe-buffer": "~5.1.0"
                                  },
                                  "dependencies": {
                                    "safe-buffer": {
                                      "version": "5.1.2",
                                      "bundled": true
                                    }
                                  }
                                },
                                "util-deprecate": {
                                  "version": "1.0.2",
                                  "bundled": true
                                }
                              }
                            },
                            "safe-buffer": {
                              "version": "5.1.2",
                              "bundled": true
                            }
                          }
                        },
                        "buffer-alloc": {
                          "version": "1.2.0",
                          "bundled": true,
                          "requires": {
                            "buffer-alloc-unsafe": "^1.1.0",
                            "buffer-fill": "^1.0.0"
                          },
                          "dependencies": {
                            "buffer-alloc-unsafe": {
                              "version": "1.1.0",
                              "bundled": true
                            },
                            "buffer-fill": {
                              "version": "1.0.0",
                              "bundled": true
                            }
                          }
                        },
                        "end-of-stream": {
                          "version": "1.4.1",
                          "bundled": true,
                          "requires": {
                            "once": "^1.4.0"
                          },
                          "dependencies": {
                            "once": {
                              "version": "1.4.0",
                              "bundled": true,
                              "requires": {
                                "wrappy": "1"
                              },
                              "dependencies": {
                                "wrappy": {
                                  "version": "1.0.2",
                                  "bundled": true
                                }
                              }
                            }
                          }
                        },
                        "fs-constants": {
                          "version": "1.0.0",
                          "bundled": true
                        },
                        "readable-stream": {
                          "version": "2.3.6",
                          "bundled": true,
                          "requires": {
                            "core-util-is": "~1.0.0",
                            "inherits": "~2.0.3",
                            "isarray": "~1.0.0",
                            "process-nextick-args": "~2.0.0",
                            "safe-buffer": "~5.1.1",
                            "string_decoder": "~1.1.1",
                            "util-deprecate": "~1.0.1"
                          },
                          "dependencies": {
                            "core-util-is": {
                              "version": "1.0.2",
                              "bundled": true
                            },
                            "inherits": {
                              "version": "2.0.3",
                              "bundled": true
                            },
                            "isarray": {
                              "version": "1.0.0",
                              "bundled": true
                            },
                            "process-nextick-args": {
                              "version": "2.0.0",
                              "bundled": true
                            },
                            "safe-buffer": {
                              "version": "5.1.2",
                              "bundled": true
                            },
                            "string_decoder": {
                              "version": "1.1.1",
                              "bundled": true,
                              "requires": {
                                "safe-buffer": "~5.1.0"
                              },
                              "dependencies": {}
                            },
                            "util-deprecate": {
                              "version": "1.0.2",
                              "bundled": true
                            }
                          }
                        },
                        "to-buffer": {
                          "version": "1.1.1",
                          "bundled": true
                        },
                        "xtend": {
                          "version": "4.0.1",
                          "bundled": true
                        }
                      }
                    }
                  }
                },
                "decompress-tarbz2": {
                  "version": "4.1.1",
                  "bundled": true,
                  "requires": {
                    "decompress-tar": "^4.1.0",
                    "file-type": "^6.1.0",
                    "is-stream": "^1.1.0",
                    "seek-bzip": "^1.0.5",
                    "unbzip2-stream": "^1.0.9"
                  },
                  "dependencies": {
                    "decompress-tar": {
                      "version": "4.1.1",
                      "bundled": true,
                      "requires": {
                        "file-type": "^5.2.0",
                        "is-stream": "^1.1.0",
                        "tar-stream": "^1.5.2"
                      },
                      "dependencies": {
                        "file-type": {
                          "version": "5.2.0",
                          "bundled": true
                        },
                        "is-stream": {
                          "version": "1.1.0",
                          "bundled": true
                        },
                        "tar-stream": {
                          "version": "1.6.2",
                          "bundled": true,
                          "requires": {
                            "bl": "^1.0.0",
                            "buffer-alloc": "^1.2.0",
                            "end-of-stream": "^1.0.0",
                            "fs-constants": "^1.0.0",
                            "readable-stream": "^2.3.0",
                            "to-buffer": "^1.1.1",
                            "xtend": "^4.0.0"
                          },
                          "dependencies": {}
                        }
                      }
                    },
                    "file-type": {
                      "version": "6.2.0",
                      "bundled": true
                    },
                    "is-stream": {
                      "version": "1.1.0",
                      "bundled": true
                    },
                    "seek-bzip": {
                      "version": "1.0.5",
                      "bundled": true,
                      "requires": {
                        "commander": "~2.8.1"
                      },
                      "dependencies": {
                        "commander": {
                          "version": "2.8.1",
                          "bundled": true,
                          "requires": {
                            "graceful-readlink": ">= 1.0.0"
                          },
                          "dependencies": {
                            "graceful-readlink": {
                              "version": "1.0.1",
                              "bundled": true
                            }
                          }
                        }
                      }
                    },
                    "unbzip2-stream": {
                      "version": "1.3.1",
                      "bundled": true,
                      "requires": {
                        "buffer": "^3.0.1",
                        "through": "^2.3.6"
                      },
                      "dependencies": {
                        "buffer": {
                          "version": "3.6.0",
                          "bundled": true,
                          "requires": {
                            "base64-js": "0.0.8",
                            "ieee754": "^1.1.4",
                            "isarray": "^1.0.0"
                          },
                          "dependencies": {
                            "base64-js": {
                              "version": "0.0.8",
                              "bundled": true
                            },
                            "ieee754": {
                              "version": "1.1.12",
                              "bundled": true
                            },
                            "isarray": {
                              "version": "1.0.0",
                              "bundled": true
                            }
                          }
                        },
                        "through": {
                          "version": "2.3.8",
                          "bundled": true
                        }
                      }
                    }
                  }
                },
                "decompress-targz": {
                  "version": "4.1.1",
                  "bundled": true,
                  "requires": {
                    "decompress-tar": "^4.1.1",
                    "file-type": "^5.2.0",
                    "is-stream": "^1.1.0"
                  },
                  "dependencies": {
                    "decompress-tar": {
                      "version": "4.1.1",
                      "bundled": true,
                      "requires": {
                        "file-type": "^5.2.0",
                        "is-stream": "^1.1.0",
                        "tar-stream": "^1.5.2"
                      },
                      "dependencies": {
                        "file-type": {
                          "version": "5.2.0",
                          "bundled": true
                        },
                        "is-stream": {
                          "version": "1.1.0",
                          "bundled": true
                        },
                        "tar-stream": {
                          "version": "1.6.2",
                          "bundled": true,
                          "requires": {
                            "bl": "^1.0.0",
                            "buffer-alloc": "^1.2.0",
                            "end-of-stream": "^1.0.0",
                            "fs-constants": "^1.0.0",
                            "readable-stream": "^2.3.0",
                            "to-buffer": "^1.1.1",
                            "xtend": "^4.0.0"
                          },
                          "dependencies": {}
                        }
                      }
                    },
                    "file-type": {
                      "version": "5.2.0",
                      "bundled": true
                    },
                    "is-stream": {
                      "version": "1.1.0",
                      "bundled": true
                    }
                  }
                },
                "decompress-unzip": {
                  "version": "4.0.1",
                  "bundled": true,
                  "requires": {
                    "file-type": "^3.8.0",
                    "get-stream": "^2.2.0",
                    "pify": "^2.3.0",
                    "yauzl": "^2.4.2"
                  },
                  "dependencies": {
                    "file-type": {
                      "version": "3.9.0",
                      "bundled": true
                    },
                    "get-stream": {
                      "version": "2.3.1",
                      "bundled": true,
                      "requires": {
                        "object-assign": "^4.0.1",
                        "pinkie-promise": "^2.0.0"
                      },
                      "dependencies": {
                        "object-assign": {
                          "version": "4.1.1",
                          "bundled": true
                        },
                        "pinkie-promise": {
                          "version": "2.0.1",
                          "bundled": true,
                          "requires": {
                            "pinkie": "^2.0.0"
                          },
                          "dependencies": {
                            "pinkie": {
                              "version": "2.0.4",
                              "bundled": true
                            }
                          }
                        }
                      }
                    },
                    "pify": {
                      "version": "2.3.0",
                      "bundled": true
                    },
                    "yauzl": {
                      "version": "2.10.0",
                      "bundled": true,
                      "requires": {
                        "buffer-crc32": "~0.2.3",
                        "fd-slicer": "~1.1.0"
                      },
                      "dependencies": {
                        "buffer-crc32": {
                          "version": "0.2.13",
                          "bundled": true
                        },
                        "fd-slicer": {
                          "version": "1.1.0",
                          "bundled": true,
                          "requires": {
                            "pend": "~1.2.0"
                          },
                          "dependencies": {
                            "pend": {
                              "version": "1.2.0",
                              "bundled": true
                            }
                          }
                        }
                      }
                    }
                  }
                },
                "graceful-fs": {
                  "version": "4.1.11",
                  "bundled": true
                },
                "make-dir": {
                  "version": "1.3.0",
                  "bundled": true,
                  "requires": {
                    "pify": "^3.0.0"
                  },
                  "dependencies": {
                    "pify": {
                      "version": "3.0.0",
                      "bundled": true
                    }
                  }
                },
                "pify": {
                  "version": "2.3.0",
                  "bundled": true
                },
                "strip-dirs": {
                  "version": "2.1.0",
                  "bundled": true,
                  "requires": {
                    "is-natural-number": "^4.0.1"
                  },
                  "dependencies": {
                    "is-natural-number": {
                      "version": "4.0.1",
                      "bundled": true
                    }
                  }
                }
              }
            },
            "filenamify": {
              "version": "2.1.0",
              "bundled": true,
              "requires": {
                "filename-reserved-regex": "^2.0.0",
                "strip-outer": "^1.0.0",
                "trim-repeated": "^1.0.0"
              },
              "dependencies": {
                "filename-reserved-regex": {
                  "version": "2.0.0",
                  "bundled": true
                },
                "strip-outer": {
                  "version": "1.0.1",
                  "bundled": true,
                  "requires": {
                    "escape-string-regexp": "^1.0.2"
                  },
                  "dependencies": {
                    "escape-string-regexp": {
                      "version": "1.0.5",
                      "bundled": true
                    }
                  }
                },
                "trim-repeated": {
                  "version": "1.0.0",
                  "bundled": true,
                  "requires": {
                    "escape-string-regexp": "^1.0.2"
                  },
                  "dependencies": {
                    "escape-string-regexp": {
                      "version": "1.0.5",
                      "bundled": true
                    }
                  }
                }
              }
            },
            "get-stream": {
              "version": "3.0.0",
              "bundled": true
            },
            "got": {
              "version": "6.7.1",
              "bundled": true,
              "requires": {
                "create-error-class": "^3.0.0",
                "duplexer3": "^0.1.4",
                "get-stream": "^3.0.0",
                "is-redirect": "^1.0.0",
                "is-retry-allowed": "^1.0.0",
                "is-stream": "^1.0.0",
                "lowercase-keys": "^1.0.0",
                "safe-buffer": "^5.0.1",
                "timed-out": "^4.0.0",
                "unzip-response": "^2.0.1",
                "url-parse-lax": "^1.0.0"
              },
              "dependencies": {
                "create-error-class": {
                  "version": "3.0.2",
                  "bundled": true,
                  "requires": {
                    "capture-stack-trace": "^1.0.0"
                  },
                  "dependencies": {
                    "capture-stack-trace": {
                      "version": "1.0.1",
                      "bundled": true
                    }
                  }
                },
                "duplexer3": {
                  "version": "0.1.4",
                  "bundled": true
                },
                "get-stream": {
                  "version": "3.0.0",
                  "bundled": true
                },
                "is-redirect": {
                  "version": "1.0.0",
                  "bundled": true
                },
                "is-retry-allowed": {
                  "version": "1.1.0",
                  "bundled": true
                },
                "is-stream": {
                  "version": "1.1.0",
                  "bundled": true
                },
                "lowercase-keys": {
                  "version": "1.0.1",
                  "bundled": true
                },
                "safe-buffer": {
                  "version": "5.1.2",
                  "bundled": true
                },
                "timed-out": {
                  "version": "4.0.1",
                  "bundled": true
                },
                "unzip-response": {
                  "version": "2.0.1",
                  "bundled": true
                },
                "url-parse-lax": {
                  "version": "1.0.0",
                  "bundled": true,
                  "requires": {
                    "prepend-http": "^1.0.1"
                  },
                  "dependencies": {
                    "prepend-http": {
                      "version": "1.0.4",
                      "bundled": true
                    }
                  }
                }
              }
            },
            "mkdirp": {
              "version": "0.5.1",
              "bundled": true,
              "requires": {
                "minimist": "0.0.8"
              },
              "dependencies": {
                "minimist": {
                  "version": "0.0.8",
                  "bundled": true
                }
              }
            },
            "pify": {
              "version": "2.3.0",
              "bundled": true
            }
          }
        },
        "git-clone": {
          "version": "0.1.0",
          "bundled": true
        },
        "rimraf": {
          "version": "2.6.2",
          "bundled": true,
          "requires": {
            "glob": "^7.0.5"
          },
          "dependencies": {
            "glob": {
              "version": "7.1.3",
              "bundled": true,
              "requires": {
                "fs.realpath": "^1.0.0",
                "inflight": "^1.0.4",
                "inherits": "2",
                "minimatch": "^3.0.4",
                "once": "^1.3.0",
                "path-is-absolute": "^1.0.0"
              },
              "dependencies": {
                "fs.realpath": {
                  "version": "1.0.0",
                  "bundled": true
                },
                "inflight": {
                  "version": "1.0.6",
                  "bundled": true,
                  "requires": {
                    "once": "^1.3.0",
                    "wrappy": "1"
                  },
                  "dependencies": {
                    "once": {
                      "version": "1.4.0",
                      "bundled": true,
                      "requires": {
                        "wrappy": "1"
                      },
                      "dependencies": {
                        "wrappy": {
                          "version": "1.0.2",
                          "bundled": true
                        }
                      }
                    },
                    "wrappy": {
                      "version": "1.0.2",
                      "bundled": true
                    }
                  }
                },
                "inherits": {
                  "version": "2.0.3",
                  "bundled": true
                },
                "minimatch": {
                  "version": "3.0.4",
                  "bundled": true,
                  "requires": {
                    "brace-expansion": "^1.1.7"
                  },
                  "dependencies": {
                    "brace-expansion": {
                      "version": "1.1.11",
                      "bundled": true,
                      "requires": {
                        "balanced-match": "^1.0.0",
                        "concat-map": "0.0.1"
                      },
                      "dependencies": {
                        "balanced-match": {
                          "version": "1.0.0",
                          "bundled": true
                        },
                        "concat-map": {
                          "version": "0.0.1",
                          "bundled": true
                        }
                      }
                    }
                  }
                },
                "once": {
                  "version": "1.4.0",
                  "bundled": true,
                  "requires": {
                    "wrappy": "1"
                  },
                  "dependencies": {
                    "wrappy": {
                      "version": "1.0.2",
                      "bundled": true
                    }
                  }
                },
                "path-is-absolute": {
                  "version": "1.0.1",
                  "bundled": true
                }
              }
            }
          }
        }
      }
    },
    "inquirer": {
      "version": "6.2.0",
      "resolved": "http://registry.npm.taobao.org/inquirer/download/inquirer-6.2.0.tgz",
      "requires": {
        "ansi-escapes": "^3.0.0",
        "chalk": "^2.0.0",
        "cli-cursor": "^2.1.0",
        "cli-width": "^2.0.0",
        "external-editor": "^3.0.0",
        "figures": "^2.0.0",
        "lodash": "^4.17.10",
        "mute-stream": "0.0.7",
        "run-async": "^2.2.0",
        "rxjs": "^6.1.0",
        "string-width": "^2.1.0",
        "strip-ansi": "^4.0.0",
        "through": "^2.3.6"
      },
      "dependencies": {
        "ansi-escapes": {
          "version": "3.1.0",
          "bundled": true
        },
        "chalk": {
          "version": "2.4.1",
          "bundled": true,
          "requires": {
            "ansi-styles": "^3.2.1",
            "escape-string-regexp": "^1.0.5",
            "supports-color": "^5.3.0"
          },
          "dependencies": {
            "ansi-styles": {
              "version": "3.2.1",
              "bundled": true,
              "requires": {
                "color-convert": "^1.9.0"
              },
              "dependencies": {
                "color-convert": {
                  "version": "1.9.3",
                  "bundled": true,
                  "requires": {
                    "color-name": "1.1.3"
                  },
                  "dependencies": {
                    "color-name": {
                      "version": "1.1.3",
                      "bundled": true
                    }
                  }
                }
              }
            },
            "escape-string-regexp": {
              "version": "1.0.5",
              "bundled": true
            },
            "supports-color": {
              "version": "5.5.0",
              "bundled": true,
              "requires": {
                "has-flag": "^3.0.0"
              },
              "dependencies": {
                "has-flag": {
                  "version": "3.0.0",
                  "bundled": true
                }
              }
            }
          }
        },
        "cli-cursor": {
          "version": "2.1.0",
          "bundled": true,
          "requires": {
            "restore-cursor": "^2.0.0"
          },
          "dependencies": {
            "restore-cursor": {
              "version": "2.0.0",
              "bundled": true,
              "requires": {
                "onetime": "^2.0.0",
                "signal-exit": "^3.0.2"
              },
              "dependencies": {
                "onetime": {
                  "version": "2.0.1",
                  "bundled": true,
                  "requires": {
                    "mimic-fn": "^1.0.0"
                  },
                  "dependencies": {
                    "mimic-fn": {
                      "version": "1.2.0",
                      "bundled": true
                    }
                  }
                },
                "signal-exit": {
                  "version": "3.0.2",
                  "bundled": true
                }
              }
            }
          }
        },
        "cli-width": {
          "version": "2.2.0",
          "bundled": true
        },
        "external-editor": {
          "version": "3.0.3",
          "bundled": true,
          "requires": {
            "chardet": "^0.7.0",
            "iconv-lite": "^0.4.24",
            "tmp": "^0.0.33"
          },
          "dependencies": {
            "chardet": {
              "version": "0.7.0",
              "bundled": true
            },
            "iconv-lite": {
              "version": "0.4.24",
              "bundled": true,
              "requires": {
                "safer-buffer": ">= 2.1.2 < 3"
              },
              "dependencies": {
                "safer-buffer": {
                  "version": "2.1.2",
                  "bundled": true
                }
              }
            },
            "tmp": {
              "version": "0.0.33",
              "bundled": true,
              "requires": {
                "os-tmpdir": "~1.0.2"
              },
              "dependencies": {
                "os-tmpdir": {
                  "version": "1.0.2",
                  "bundled": true
                }
              }
            }
          }
        },
        "figures": {
          "version": "2.0.0",
          "bundled": true,
          "requires": {
            "escape-string-regexp": "^1.0.5"
          },
          "dependencies": {
            "escape-string-regexp": {
              "version": "1.0.5",
              "bundled": true
            }
          }
        },
        "lodash": {
          "version": "4.17.11",
          "bundled": true
        },
        "mute-stream": {
          "version": "0.0.7",
          "bundled": true
        },
        "run-async": {
          "version": "2.3.0",
          "bundled": true,
          "requires": {
            "is-promise": "^2.1.0"
          },
          "dependencies": {
            "is-promise": {
              "version": "2.1.0",
              "bundled": true
            }
          }
        },
        "rxjs": {
          "version": "6.3.3",
          "bundled": true,
          "requires": {
            "tslib": "^1.9.0"
          },
          "dependencies": {
            "tslib": {
              "version": "1.9.3",
              "bundled": true
            }
          }
        },
        "string-width": {
          "version": "2.1.1",
          "bundled": true,
          "requires": {
            "is-fullwidth-code-point": "^2.0.0",
            "strip-ansi": "^4.0.0"
          },
          "dependencies": {
            "is-fullwidth-code-point": {
              "version": "2.0.0",
              "bundled": true
            },
            "strip-ansi": {
              "version": "4.0.0",
              "bundled": true,
              "requires": {
                "ansi-regex": "^3.0.0"
              },
              "dependencies": {
                "ansi-regex": {
                  "version": "3.0.0",
                  "bundled": true
                }
              }
            }
          }
        },
        "strip-ansi": {
          "version": "4.0.0",
          "bundled": true,
          "requires": {
            "ansi-regex": "^3.0.0"
          },
          "dependencies": {
            "ansi-regex": {
              "version": "3.0.0",
              "bundled": true
            }
          }
        },
        "through": {
          "version": "2.3.8",
          "bundled": true
        }
      }
    },
    "ora": {
      "version": "3.0.0",
      "resolved": "http://registry.npm.taobao.org/ora/download/ora-3.0.0.tgz",
      "requires": {
        "chalk": "^2.3.1",
        "cli-cursor": "^2.1.0",
        "cli-spinners": "^1.1.0",
        "log-symbols": "^2.2.0",
        "strip-ansi": "^4.0.0",
        "wcwidth": "^1.0.1"
      },
      "dependencies": {
        "chalk": {
          "version": "2.4.1",
          "bundled": true,
          "requires": {
            "ansi-styles": "^3.2.1",
            "escape-string-regexp": "^1.0.5",
            "supports-color": "^5.3.0"
          },
          "dependencies": {
            "ansi-styles": {
              "version": "3.2.1",
              "bundled": true,
              "requires": {
                "color-convert": "^1.9.0"
              },
              "dependencies": {}
            },
            "escape-string-regexp": {
              "version": "1.0.5",
              "bundled": true
            },
            "supports-color": {
              "version": "5.5.0",
              "bundled": true,
              "requires": {
                "has-flag": "^3.0.0"
              },
              "dependencies": {}
            }
          }
        },
        "cli-cursor": {
          "version": "2.1.0",
          "bundled": true,
          "requires": {
            "restore-cursor": "^2.0.0"
          },
          "dependencies": {
            "restore-cursor": {
              "version": "2.0.0",
              "bundled": true,
              "requires": {
                "onetime": "^2.0.0",
                "signal-exit": "^3.0.2"
              },
              "dependencies": {}
            }
          }
        },
        "cli-spinners": {
          "version": "1.3.1",
          "bundled": true
        },
        "log-symbols": {
          "version": "2.2.0",
          "bundled": true,
          "requires": {
            "chalk": "^2.0.1"
          },
          "dependencies": {
            "chalk": {
              "version": "2.4.1",
              "bundled": true,
              "requires": {
                "ansi-styles": "^3.2.1",
                "escape-string-regexp": "^1.0.5",
                "supports-color": "^5.3.0"
              },
              "dependencies": {
                "ansi-styles": {
                  "version": "3.2.1",
                  "bundled": true,
                  "requires": {
                    "color-convert": "^1.9.0"
                  },
                  "dependencies": {}
                },
                "escape-string-regexp": {
                  "version": "1.0.5",
                  "bundled": true
                },
                "supports-color": {
                  "version": "5.5.0",
                  "bundled": true,
                  "requires": {
                    "has-flag": "^3.0.0"
                  },
                  "dependencies": {}
                }
              }
            }
          }
        },
        "strip-ansi": {
          "version": "4.0.0",
          "bundled": true,
          "requires": {
            "ansi-regex": "^3.0.0"
          },
          "dependencies": {
            "ansi-regex": {
              "version": "3.0.0",
              "bundled": true
            }
          }
        },
        "wcwidth": {
          "version": "1.0.1",
          "bundled": true,
          "requires": {
            "defaults": "^1.0.3"
          },
          "dependencies": {
            "defaults": {
              "version": "1.0.3",
              "bundled": true,
              "requires": {
                "clone": "^1.0.2"
              },
              "dependencies": {
                "clone": {
                  "version": "1.0.4",
                  "bundled": true
                }
              }
            }
          }
        }
      }
    }
  }
}
